
Microsoft Visual Studio Solution File, Format Version 12.00
# Visual Studio Version 16
VisualStudioVersion = 16.0.30621.155
MinimumVisualStudioVersion = 10.0.40219.1
Project("{FAE04EC0-301F-11D3-BF4B-00C04F79EFBC}") = "projet_C", "projet_C.csproj", "{0312E51A-B07A-4A08-946D-E85F551934A7}"
EndProject
Global
	GlobalSection(SolutionConfigurationPlatforms) = preSolution
		Debug|Any CPU = Debug|Any CPU
		Release|Any CPU = Release|Any CPU
	EndGlobalSection
	GlobalSection(ProjectConfigurationPlatforms) = postSolution
		{0312E51A-B07A-4A08-946D-E85F551934A7}.Debug|Any CPU.ActiveCfg = Debug|Any CPU
		{0312E51A-B07A-4A08-946D-E85F551934A7}.Debug|Any CPU.Build.0 = Debug|Any CPU
		{0312E51A-B07A-4A08-946D-E85F551934A7}.Release|Any CPU.ActiveCfg = Release|Any CPU
		{0312E51A-B07A-4A08-946D-E85F551934A7}.Release|Any CPU.Build.0 = Release|Any CPU
	EndGlobalSection
	GlobalSection(SolutionProperties) = preSolution
		HideSolutionNode = FALSE
	EndGlobalSection
	GlobalSection(ExtensibilityGlobals) = postSolution
		SolutionGuid = {B9E1D8DD-2D1A-4218-8797-2A67EAD46A7F}
	EndGlobalSection
EndGlobal
